
Microsoft Visual Studio Solution File, Format Version 12.00
# Visual Studio 15
VisualStudioVersion = 15.0.26430.13
MinimumVisualStudioVersion = 10.0.40219.1
Project("{FAE04EC0-301F-11D3-BF4B-00C04F79EFBC}") = "StoreWithFileSys.Android", "StoreWithFileSys\StoreWithFileSys.Android\StoreWithFileSys.Android.csproj", "{BF07776E-4754-49F5-B5EF-E19BD8DFBE0F}"
EndProject
Project("{FAE04EC0-301F-11D3-BF4B-00C04F79EFBC}") = "StoreWithFileSys", "StoreWithFileSys\StoreWithFileSys\StoreWithFileSys.csproj", "{02A7547E-DE05-4BC8-B0C8-62814369C89B}"
EndProject
Project("{FAE04EC0-301F-11D3-BF4B-00C04F79EFBC}") = "StoreWithFileSys.UWP", "StoreWithFileSys\StoreWithFileSys.UWP\StoreWithFileSys.UWP.csproj", "{EECBF884-3C5E-4F83-B628-0A64FC17F99B}"
EndProject
Project("{FAE04EC0-301F-11D3-BF4B-00C04F79EFBC}") = "StoreWithFileSys.iOS", "StoreWithFileSys\StoreWithFileSys.iOS\StoreWithFileSys.iOS.csproj", "{F6C69E67-5EAB-4178-A094-69165D363F03}"
EndProject
Global
	GlobalSection(SolutionConfigurationPlatforms) = preSolution
		Ad-Hoc|Any CPU = Ad-Hoc|Any CPU
		Ad-Hoc|ARM = Ad-Hoc|ARM
		Ad-Hoc|iPhone = Ad-Hoc|iPhone
		Ad-Hoc|iPhoneSimulator = Ad-Hoc|iPhoneSimulator
		Ad-Hoc|x64 = Ad-Hoc|x64
		Ad-Hoc|x86 = Ad-Hoc|x86
		AppStore|Any CPU = AppStore|Any CPU
		AppStore|ARM = AppStore|ARM
		AppStore|iPhone = AppStore|iPhone
		AppStore|iPhoneSimulator = AppStore|iPhoneSimulator
		AppStore|x64 = AppStore|x64
		AppStore|x86 = AppStore|x86
		Debug|Any CPU = Debug|Any CPU
		Debug|ARM = Debug|ARM
		Debug|iPhone = Debug|iPhone
		Debug|iPhoneSimulator = Debug|iPhoneSimulator
		Debug|x64 = Debug|x64
		Debug|x86 = Debug|x86
		Release|Any CPU = Release|Any CPU
		Release|ARM = Release|ARM
		Release|iPhone = Release|iPhone
		Release|iPhoneSimulator = Release|iPhoneSimulator
		Release|x64 = Release|x64
		Release|x86 = Release|x86
	EndGlobalSection
	GlobalSection(ProjectConfigurationPlatforms) = postSolution
		{BF07776E-4754-49F5-B5EF-E19BD8DFBE0F}.Ad-Hoc|Any CPU.ActiveCfg = Release|Any CPU
		{BF07776E-4754-49F5-B5EF-E19BD8DFBE0F}.Ad-Hoc|Any CPU.Build.0 = Release|Any CPU
		{BF07776E-4754-49F5-B5EF-E19BD8DFBE0F}.Ad-Hoc|Any CPU.Deploy.0 = Release|Any CPU
		{BF07776E-4754-49F5-B5EF-E19BD8DFBE0F}.Ad-Hoc|ARM.ActiveCfg = Release|Any CPU
		{BF07776E-4754-49F5-B5EF-E19BD8DFBE0F}.Ad-Hoc|ARM.Build.0 = Release|Any CPU
		{BF07776E-4754-49F5-B5EF-E19BD8DFBE0F}.Ad-Hoc|ARM.Deploy.0 = Release|Any CPU
		{BF07776E-4754-49F5-B5EF-E19BD8DFBE0F}.Ad-Hoc|iPhone.ActiveCfg = Release|Any CPU
		{BF07776E-4754-49F5-B5EF-E19BD8DFBE0F}.Ad-Hoc|iPhone.Build.0 = Release|Any CPU
		{BF07776E-4754-49F5-B5EF-E19BD8DFBE0F}.Ad-Hoc|iPhone.Deploy.0 = Release|Any CPU
		{BF07776E-4754-49F5-B5EF-E19BD8DFBE0F}.Ad-Hoc|iPhoneSimulator.ActiveCfg = Release|Any CPU
		{BF07776E-4754-49F5-B5EF-E19BD8DFBE0F}.Ad-Hoc|iPhoneSimulator.Build.0 = Release|Any CPU
		{BF07776E-4754-49F5-B5EF-E19BD8DFBE0F}.Ad-Hoc|iPhoneSimulator.Deploy.0 = Release|Any CPU
		{BF07776E-4754-49F5-B5EF-E19BD8DFBE0F}.Ad-Hoc|x64.ActiveCfg = Release|Any CPU
		{BF07776E-4754-49F5-B5EF-E19BD8DFBE0F}.Ad-Hoc|x64.Build.0 = Release|Any CPU
		{BF07776E-4754-49F5-B5EF-E19BD8DFBE0F}.Ad-Hoc|x64.Deploy.0 = Release|Any CPU
		{BF07776E-4754-49F5-B5EF-E19BD8DFBE0F}.Ad-Hoc|x86.ActiveCfg = Release|Any CPU
		{BF07776E-4754-49F5-B5EF-E19BD8DFBE0F}.Ad-Hoc|x86.Build.0 = Release|Any CPU
		{BF07776E-4754-49F5-B5EF-E19BD8DFBE0F}.Ad-Hoc|x86.Deploy.0 = Release|Any CPU
		{BF07776E-4754-49F5-B5EF-E19BD8DFBE0F}.AppStore|Any CPU.ActiveCfg = Release|Any CPU
		{BF07776E-4754-49F5-B5EF-E19BD8DFBE0F}.AppStore|Any CPU.Build.0 = Release|Any CPU
		{BF07776E-4754-49F5-B5EF-E19BD8DFBE0F}.AppStore|Any CPU.Deploy.0 = Release|Any CPU
		{BF07776E-4754-49F5-B5EF-E19BD8DFBE0F}.AppStore|ARM.ActiveCfg = Release|Any CPU
		{BF07776E-4754-49F5-B5EF-E19BD8DFBE0F}.AppStore|ARM.Build.0 = Release|Any CPU
		{BF07776E-4754-49F5-B5EF-E19BD8DFBE0F}.AppStore|ARM.Deploy.0 = Release|Any CPU
		{BF07776E-4754-49F5-B5EF-E19BD8DFBE0F}.AppStore|iPhone.ActiveCfg = Release|Any CPU
		{BF07776E-4754-49F5-B5EF-E19BD8DFBE0F}.AppStore|iPhone.Build.0 = Release|Any CPU
		{BF07776E-4754-49F5-B5EF-E19BD8DFBE0F}.AppStore|iPhone.Deploy.0 = Release|Any CPU
		{BF07776E-4754-49F5-B5EF-E19BD8DFBE0F}.AppStore|iPhoneSimulator.ActiveCfg = Release|Any CPU
		{BF07776E-4754-49F5-B5EF-E19BD8DFBE0F}.AppStore|iPhoneSimulator.Build.0 = Release|Any CPU
		{BF07776E-4754-49F5-B5EF-E19BD8DFBE0F}.AppStore|iPhoneSimulator.Deploy.0 = Release|Any CPU
		{BF07776E-4754-49F5-B5EF-E19BD8DFBE0F}.AppStore|x64.ActiveCfg = Release|Any CPU
		{BF07776E-4754-49F5-B5EF-E19BD8DFBE0F}.AppStore|x64.Build.0 = Release|Any CPU
		{BF07776E-4754-49F5-B5EF-E19BD8DFBE0F}.AppStore|x64.Deploy.0 = Release|Any CPU
		{BF07776E-4754-49F5-B5EF-E19BD8DFBE0F}.AppStore|x86.ActiveCfg = Release|Any CPU
		{BF07776E-4754-49F5-B5EF-E19BD8DFBE0F}.AppStore|x86.Build.0 = Release|Any CPU
		{BF07776E-4754-49F5-B5EF-E19BD8DFBE0F}.AppStore|x86.Deploy.0 = Release|Any CPU
		{BF07776E-4754-49F5-B5EF-E19BD8DFBE0F}.Debug|Any CPU.ActiveCfg = Debug|Any CPU
		{BF07776E-4754-49F5-B5EF-E19BD8DFBE0F}.Debug|Any CPU.Build.0 = Debug|Any CPU
		{BF07776E-4754-49F5-B5EF-E19BD8DFBE0F}.Debug|Any CPU.Deploy.0 = Debug|Any CPU
		{BF07776E-4754-49F5-B5EF-E19BD8DFBE0F}.Debug|ARM.ActiveCfg = Debug|Any CPU
		{BF07776E-4754-49F5-B5EF-E19BD8DFBE0F}.Debug|ARM.Build.0 = Debug|Any CPU
		{BF07776E-4754-49F5-B5EF-E19BD8DFBE0F}.Debug|ARM.Deploy.0 = Debug|Any CPU
		{BF07776E-4754-49F5-B5EF-E19BD8DFBE0F}.Debug|iPhone.ActiveCfg = Debug|Any CPU
		{BF07776E-4754-49F5-B5EF-E19BD8DFBE0F}.Debug|iPhoneSimulator.ActiveCfg = Debug|Any CPU
		{BF07776E-4754-49F5-B5EF-E19BD8DFBE0F}.Debug|x64.ActiveCfg = Debug|Any CPU
		{BF07776E-4754-49F5-B5EF-E19BD8DFBE0F}.Debug|x64.Build.0 = Debug|Any CPU
		{BF07776E-4754-49F5-B5EF-E19BD8DFBE0F}.Debug|x64.Deploy.0 = Debug|Any CPU
		{BF07776E-4754-49F5-B5EF-E19BD8DFBE0F}.Debug|x86.ActiveCfg = Debug|Any CPU
		{BF07776E-4754-49F5-B5EF-E19BD8DFBE0F}.Debug|x86.Build.0 = Debug|Any CPU
		{BF07776E-4754-49F5-B5EF-E19BD8DFBE0F}.Debug|x86.Deploy.0 = Debug|Any CPU
		{BF07776E-4754-49F5-B5EF-E19BD8DFBE0F}.Release|Any CPU.ActiveCfg = Release|Any CPU
		{BF07776E-4754-49F5-B5EF-E19BD8DFBE0F}.Release|Any CPU.Build.0 = Release|Any CPU
		{BF07776E-4754-49F5-B5EF-E19BD8DFBE0F}.Release|Any CPU.Deploy.0 = Release|Any CPU
		{BF07776E-4754-49F5-B5EF-E19BD8DFBE0F}.Release|ARM.ActiveCfg = Release|Any CPU
		{BF07776E-4754-49F5-B5EF-E19BD8DFBE0F}.Release|ARM.Build.0 = Release|Any CPU
		{BF07776E-4754-49F5-B5EF-E19BD8DFBE0F}.Release|ARM.Deploy.0 = Release|Any CPU
		{BF07776E-4754-49F5-B5EF-E19BD8DFBE0F}.Release|iPhone.ActiveCfg = Release|Any CPU
		{BF07776E-4754-49F5-B5EF-E19BD8DFBE0F}.Release|iPhone.Build.0 = Release|Any CPU
		{BF07776E-4754-49F5-B5EF-E19BD8DFBE0F}.Release|iPhone.Deploy.0 = Release|Any CPU
		{BF07776E-4754-49F5-B5EF-E19BD8DFBE0F}.Release|iPhoneSimulator.ActiveCfg = Release|Any CPU
		{BF07776E-4754-49F5-B5EF-E19BD8DFBE0F}.Release|iPhoneSimulator.Build.0 = Release|Any CPU
		{BF07776E-4754-49F5-B5EF-E19BD8DFBE0F}.Release|iPhoneSimulator.Deploy.0 = Release|Any CPU
		{BF07776E-4754-49F5-B5EF-E19BD8DFBE0F}.Release|x64.ActiveCfg = Release|Any CPU
		{BF07776E-4754-49F5-B5EF-E19BD8DFBE0F}.Release|x64.Build.0 = Release|Any CPU
		{BF07776E-4754-49F5-B5EF-E19BD8DFBE0F}.Release|x64.Deploy.0 = Release|Any CPU
		{BF07776E-4754-49F5-B5EF-E19BD8DFBE0F}.Release|x86.ActiveCfg = Release|Any CPU
		{BF07776E-4754-49F5-B5EF-E19BD8DFBE0F}.Release|x86.Build.0 = Release|Any CPU
		{BF07776E-4754-49F5-B5EF-E19BD8DFBE0F}.Release|x86.Deploy.0 = Release|Any CPU
		{02A7547E-DE05-4BC8-B0C8-62814369C89B}.Ad-Hoc|Any CPU.ActiveCfg = Release|Any CPU
		{02A7547E-DE05-4BC8-B0C8-62814369C89B}.Ad-Hoc|Any CPU.Build.0 = Release|Any CPU
		{02A7547E-DE05-4BC8-B0C8-62814369C89B}.Ad-Hoc|ARM.ActiveCfg = Release|Any CPU
		{02A7547E-DE05-4BC8-B0C8-62814369C89B}.Ad-Hoc|ARM.Build.0 = Release|Any CPU
		{02A7547E-DE05-4BC8-B0C8-62814369C89B}.Ad-Hoc|iPhone.ActiveCfg = Release|Any CPU
		{02A7547E-DE05-4BC8-B0C8-62814369C89B}.Ad-Hoc|iPhone.Build.0 = Release|Any CPU
		{02A7547E-DE05-4BC8-B0C8-62814369C89B}.Ad-Hoc|iPhoneSimulator.ActiveCfg = Release|Any CPU
		{02A7547E-DE05-4BC8-B0C8-62814369C89B}.Ad-Hoc|iPhoneSimulator.Build.0 = Release|Any CPU
		{02A7547E-DE05-4BC8-B0C8-62814369C89B}.Ad-Hoc|x64.ActiveCfg = Release|Any CPU
		{02A7547E-DE05-4BC8-B0C8-62814369C89B}.Ad-Hoc|x64.Build.0 = Release|Any CPU
		{02A7547E-DE05-4BC8-B0C8-62814369C89B}.Ad-Hoc|x86.ActiveCfg = Release|Any CPU
		{02A7547E-DE05-4BC8-B0C8-62814369C89B}.Ad-Hoc|x86.Build.0 = Release|Any CPU
		{02A7547E-DE05-4BC8-B0C8-62814369C89B}.AppStore|Any CPU.ActiveCfg = Release|Any CPU
		{02A7547E-DE05-4BC8-B0C8-62814369C89B}.AppStore|Any CPU.Build.0 = Release|Any CPU
		{02A7547E-DE05-4BC8-B0C8-62814369C89B}.AppStore|ARM.ActiveCfg = Release|Any CPU
		{02A7547E-DE05-4BC8-B0C8-62814369C89B}.AppStore|ARM.Build.0 = Release|Any CPU
		{02A7547E-DE05-4BC8-B0C8-62814369C89B}.AppStore|iPhone.ActiveCfg = Release|Any CPU
		{02A7547E-DE05-4BC8-B0C8-62814369C89B}.AppStore|iPhone.Build.0 = Release|Any CPU
		{02A7547E-DE05-4BC8-B0C8-62814369C89B}.AppStore|iPhoneSimulator.ActiveCfg = Release|Any CPU
		{02A7547E-DE05-4BC8-B0C8-62814369C89B}.AppStore|iPhoneSimulator.Build.0 = Release|Any CPU
		{02A7547E-DE05-4BC8-B0C8-62814369C89B}.AppStore|x64.ActiveCfg = Release|Any CPU
		{02A7547E-DE05-4BC8-B0C8-62814369C89B}.AppStore|x64.Build.0 = Release|Any CPU
		{02A7547E-DE05-4BC8-B0C8-62814369C89B}.AppStore|x86.ActiveCfg = Release|Any CPU
		{02A7547E-DE05-4BC8-B0C8-62814369C89B}.AppStore|x86.Build.0 = Release|Any CPU
		{02A7547E-DE05-4BC8-B0C8-62814369C89B}.Debug|Any CPU.ActiveCfg = Debug|Any CPU
		{02A7547E-DE05-4BC8-B0C8-62814369C89B}.Debug|Any CPU.Build.0 = Debug|Any CPU
		{02A7547E-DE05-4BC8-B0C8-62814369C89B}.Debug|ARM.ActiveCfg = Debug|Any CPU
		{02A7547E-DE05-4BC8-B0C8-62814369C89B}.Debug|ARM.Build.0 = Debug|Any CPU
		{02A7547E-DE05-4BC8-B0C8-62814369C89B}.Debug|iPhone.ActiveCfg = Debug|Any CPU
		{02A7547E-DE05-4BC8-B0C8-62814369C89B}.Debug|iPhone.Build.0 = Debug|Any CPU
		{02A7547E-DE05-4BC8-B0C8-62814369C89B}.Debug|iPhoneSimulator.ActiveCfg = Debug|Any CPU
		{02A7547E-DE05-4BC8-B0C8-62814369C89B}.Debug|iPhoneSimulator.Build.0 = Debug|Any CPU
		{02A7547E-DE05-4BC8-B0C8-62814369C89B}.Debug|x64.ActiveCfg = Debug|Any CPU
		{02A7547E-DE05-4BC8-B0C8-62814369C89B}.Debug|x64.Build.0 = Debug|Any CPU
		{02A7547E-DE05-4BC8-B0C8-62814369C89B}.Debug|x86.ActiveCfg = Debug|Any CPU
		{02A7547E-DE05-4BC8-B0C8-62814369C89B}.Debug|x86.Build.0 = Debug|Any CPU
		{02A7547E-DE05-4BC8-B0C8-62814369C89B}.Release|Any CPU.ActiveCfg = Release|Any CPU
		{02A7547E-DE05-4BC8-B0C8-62814369C89B}.Release|Any CPU.Build.0 = Release|Any CPU
		{02A7547E-DE05-4BC8-B0C8-62814369C89B}.Release|ARM.ActiveCfg = Release|Any CPU
		{02A7547E-DE05-4BC8-B0C8-62814369C89B}.Release|ARM.Build.0 = Release|Any CPU
		{02A7547E-DE05-4BC8-B0C8-62814369C89B}.Release|iPhone.ActiveCfg = Release|Any CPU
		{02A7547E-DE05-4BC8-B0C8-62814369C89B}.Release|iPhone.Build.0 = Release|Any CPU
		{02A7547E-DE05-4BC8-B0C8-62814369C89B}.Release|iPhoneSimulator.ActiveCfg = Release|Any CPU
		{02A7547E-DE05-4BC8-B0C8-62814369C89B}.Release|iPhoneSimulator.Build.0 = Release|Any CPU
		{02A7547E-DE05-4BC8-B0C8-62814369C89B}.Release|x64.ActiveCfg = Release|Any CPU
		{02A7547E-DE05-4BC8-B0C8-62814369C89B}.Release|x64.Build.0 = Release|Any CPU
		{02A7547E-DE05-4BC8-B0C8-62814369C89B}.Release|x86.ActiveCfg = Release|Any CPU
		{02A7547E-DE05-4BC8-B0C8-62814369C89B}.Release|x86.Build.0 = Release|Any CPU
		{EECBF884-3C5E-4F83-B628-0A64FC17F99B}.Ad-Hoc|Any CPU.ActiveCfg = Release|x86
		{EECBF884-3C5E-4F83-B628-0A64FC17F99B}.Ad-Hoc|Any CPU.Build.0 = Release|x86
		{EECBF884-3C5E-4F83-B628-0A64FC17F99B}.Ad-Hoc|Any CPU.Deploy.0 = Release|x86
		{EECBF884-3C5E-4F83-B628-0A64FC17F99B}.Ad-Hoc|ARM.ActiveCfg = Release|ARM
		{EECBF884-3C5E-4F83-B628-0A64FC17F99B}.Ad-Hoc|ARM.Build.0 = Release|ARM
		{EECBF884-3C5E-4F83-B628-0A64FC17F99B}.Ad-Hoc|ARM.Deploy.0 = Release|ARM
		{EECBF884-3C5E-4F83-B628-0A64FC17F99B}.Ad-Hoc|iPhone.ActiveCfg = Release|x86
		{EECBF884-3C5E-4F83-B628-0A64FC17F99B}.Ad-Hoc|iPhone.Build.0 = Release|x86
		{EECBF884-3C5E-4F83-B628-0A64FC17F99B}.Ad-Hoc|iPhone.Deploy.0 = Release|x86
		{EECBF884-3C5E-4F83-B628-0A64FC17F99B}.Ad-Hoc|iPhoneSimulator.ActiveCfg = Release|x86
		{EECBF884-3C5E-4F83-B628-0A64FC17F99B}.Ad-Hoc|iPhoneSimulator.Build.0 = Release|x86
		{EECBF884-3C5E-4F83-B628-0A64FC17F99B}.Ad-Hoc|iPhoneSimulator.Deploy.0 = Release|x86
		{EECBF884-3C5E-4F83-B628-0A64FC17F99B}.Ad-Hoc|x64.ActiveCfg = Release|x64
		{EECBF884-3C5E-4F83-B628-0A64FC17F99B}.Ad-Hoc|x64.Build.0 = Release|x64
		{EECBF884-3C5E-4F83-B628-0A64FC17F99B}.Ad-Hoc|x64.Deploy.0 = Release|x64
		{EECBF884-3C5E-4F83-B628-0A64FC17F99B}.Ad-Hoc|x86.ActiveCfg = Release|x86
		{EECBF884-3C5E-4F83-B628-0A64FC17F99B}.Ad-Hoc|x86.Build.0 = Release|x86
		{EECBF884-3C5E-4F83-B628-0A64FC17F99B}.Ad-Hoc|x86.Deploy.0 = Release|x86
		{EECBF884-3C5E-4F83-B628-0A64FC17F99B}.AppStore|Any CPU.ActiveCfg = Release|x86
		{EECBF884-3C5E-4F83-B628-0A64FC17F99B}.AppStore|Any CPU.Build.0 = Release|x86
		{EECBF884-3C5E-4F83-B628-0A64FC17F99B}.AppStore|Any CPU.Deploy.0 = Release|x86
		{EECBF884-3C5E-4F83-B628-0A64FC17F99B}.AppStore|ARM.ActiveCfg = Release|ARM
		{EECBF884-3C5E-4F83-B628-0A64FC17F99B}.AppStore|ARM.Build.0 = Release|ARM
		{EECBF884-3C5E-4F83-B628-0A64FC17F99B}.AppStore|ARM.Deploy.0 = Release|ARM
		{EECBF884-3C5E-4F83-B628-0A64FC17F99B}.AppStore|iPhone.ActiveCfg = Release|x86
		{EECBF884-3C5E-4F83-B628-0A64FC17F99B}.AppStore|iPhone.Build.0 = Release|x86
		{EECBF884-3C5E-4F83-B628-0A64FC17F99B}.AppStore|iPhone.Deploy.0 = Release|x86
		{EECBF884-3C5E-4F83-B628-0A64FC17F99B}.AppStore|iPhoneSimulator.ActiveCfg = Release|x86
		{EECBF884-3C5E-4F83-B628-0A64FC17F99B}.AppStore|iPhoneSimulator.Build.0 = Release|x86
		{EECBF884-3C5E-4F83-B628-0A64FC17F99B}.AppStore|iPhoneSimulator.Deploy.0 = Release|x86
		{EECBF884-3C5E-4F83-B628-0A64FC17F99B}.AppStore|x64.ActiveCfg = Release|x64
		{EECBF884-3C5E-4F83-B628-0A64FC17F99B}.AppStore|x64.Build.0 = Release|x64
		{EECBF884-3C5E-4F83-B628-0A64FC17F99B}.AppStore|x64.Deploy.0 = Release|x64
		{EECBF884-3C5E-4F83-B628-0A64FC17F99B}.AppStore|x86.ActiveCfg = Release|x86
		{EECBF884-3C5E-4F83-B628-0A64FC17F99B}.AppStore|x86.Build.0 = Release|x86
		{EECBF884-3C5E-4F83-B628-0A64FC17F99B}.AppStore|x86.Deploy.0 = Release|x86
		{EECBF884-3C5E-4F83-B628-0A64FC17F99B}.Debug|Any CPU.ActiveCfg = Debug|x86
		{EECBF884-3C5E-4F83-B628-0A64FC17F99B}.Debug|ARM.ActiveCfg = Debug|ARM
		{EECBF884-3C5E-4F83-B628-0A64FC17F99B}.Debug|ARM.Build.0 = Debug|ARM
		{EECBF884-3C5E-4F83-B628-0A64FC17F99B}.Debug|ARM.Deploy.0 = Debug|ARM
		{EECBF884-3C5E-4F83-B628-0A64FC17F99B}.Debug|iPhone.ActiveCfg = Debug|x86
		{EECBF884-3C5E-4F83-B628-0A64FC17F99B}.Debug|iPhone.Build.0 = Debug|x86
		{EECBF884-3C5E-4F83-B628-0A64FC17F99B}.Debug|iPhone.Deploy.0 = Debug|x86
		{EECBF884-3C5E-4F83-B628-0A64FC17F99B}.Debug|iPhoneSimulator.ActiveCfg = Debug|x86
		{EECBF884-3C5E-4F83-B628-0A64FC17F99B}.Debug|x64.ActiveCfg = Debug|x64
		{EECBF884-3C5E-4F83-B628-0A64FC17F99B}.Debug|x64.Build.0 = Debug|x64
		{EECBF884-3C5E-4F83-B628-0A64FC17F99B}.Debug|x64.Deploy.0 = Debug|x64
		{EECBF884-3C5E-4F83-B628-0A64FC17F99B}.Debug|x86.ActiveCfg = Debug|x86
		{EECBF884-3C5E-4F83-B628-0A64FC17F99B}.Debug|x86.Build.0 = Debug|x86
		{EECBF884-3C5E-4F83-B628-0A64FC17F99B}.Debug|x86.Deploy.0 = Debug|x86
		{EECBF884-3C5E-4F83-B628-0A64FC17F99B}.Release|Any CPU.ActiveCfg = Release|x86
		{EECBF884-3C5E-4F83-B628-0A64FC17F99B}.Release|ARM.ActiveCfg = Release|ARM
		{EECBF884-3C5E-4F83-B628-0A64FC17F99B}.Release|ARM.Build.0 = Release|ARM
		{EECBF884-3C5E-4F83-B628-0A64FC17F99B}.Release|ARM.Deploy.0 = Release|ARM
		{EECBF884-3C5E-4F83-B628-0A64FC17F99B}.Release|iPhone.ActiveCfg = Release|x86
		{EECBF884-3C5E-4F83-B628-0A64FC17F99B}.Release|iPhoneSimulator.ActiveCfg = Release|x86
		{EECBF884-3C5E-4F83-B628-0A64FC17F99B}.Release|x64.ActiveCfg = Release|x64
		{EECBF884-3C5E-4F83-B628-0A64FC17F99B}.Release|x64.Build.0 = Release|x64
		{EECBF884-3C5E-4F83-B628-0A64FC17F99B}.Release|x64.Deploy.0 = Release|x64
		{EECBF884-3C5E-4F83-B628-0A64FC17F99B}.Release|x86.ActiveCfg = Release|x86
		{EECBF884-3C5E-4F83-B628-0A64FC17F99B}.Release|x86.Build.0 = Release|x86
		{EECBF884-3C5E-4F83-B628-0A64FC17F99B}.Release|x86.Deploy.0 = Release|x86
		{F6C69E67-5EAB-4178-A094-69165D363F03}.Ad-Hoc|Any CPU.ActiveCfg = Ad-Hoc|iPhone
		{F6C69E67-5EAB-4178-A094-69165D363F03}.Ad-Hoc|ARM.ActiveCfg = Ad-Hoc|iPhone
		{F6C69E67-5EAB-4178-A094-69165D363F03}.Ad-Hoc|iPhone.ActiveCfg = Ad-Hoc|iPhone
		{F6C69E67-5EAB-4178-A094-69165D363F03}.Ad-Hoc|iPhone.Build.0 = Ad-Hoc|iPhone
		{F6C69E67-5EAB-4178-A094-69165D363F03}.Ad-Hoc|iPhoneSimulator.ActiveCfg = Ad-Hoc|iPhoneSimulator
		{F6C69E67-5EAB-4178-A094-69165D363F03}.Ad-Hoc|iPhoneSimulator.Build.0 = Ad-Hoc|iPhoneSimulator
		{F6C69E67-5EAB-4178-A094-69165D363F03}.Ad-Hoc|x64.ActiveCfg = Ad-Hoc|iPhone
		{F6C69E67-5EAB-4178-A094-69165D363F03}.Ad-Hoc|x86.ActiveCfg = Ad-Hoc|iPhone
		{F6C69E67-5EAB-4178-A094-69165D363F03}.AppStore|Any CPU.ActiveCfg = AppStore|iPhone
		{F6C69E67-5EAB-4178-A094-69165D363F03}.AppStore|ARM.ActiveCfg = AppStore|iPhone
		{F6C69E67-5EAB-4178-A094-69165D363F03}.AppStore|iPhone.ActiveCfg = AppStore|iPhone
		{F6C69E67-5EAB-4178-A094-69165D363F03}.AppStore|iPhone.Build.0 = AppStore|iPhone
		{F6C69E67-5EAB-4178-A094-69165D363F03}.AppStore|iPhoneSimulator.ActiveCfg = AppStore|iPhoneSimulator
		{F6C69E67-5EAB-4178-A094-69165D363F03}.AppStore|iPhoneSimulator.Build.0 = AppStore|iPhoneSimulator
		{F6C69E67-5EAB-4178-A094-69165D363F03}.AppStore|x64.ActiveCfg = AppStore|iPhone
		{F6C69E67-5EAB-4178-A094-69165D363F03}.AppStore|x86.ActiveCfg = AppStore|iPhone
		{F6C69E67-5EAB-4178-A094-69165D363F03}.Debug|Any CPU.ActiveCfg = Debug|iPhone
		{F6C69E67-5EAB-4178-A094-69165D363F03}.Debug|Any CPU.Deploy.0 = Debug|iPhone
		{F6C69E67-5EAB-4178-A094-69165D363F03}.Debug|ARM.ActiveCfg = Debug|iPhone
		{F6C69E67-5EAB-4178-A094-69165D363F03}.Debug|iPhone.ActiveCfg = Debug|iPhone
		{F6C69E67-5EAB-4178-A094-69165D363F03}.Debug|iPhoneSimulator.ActiveCfg = Debug|iPhoneSimulator
		{F6C69E67-5EAB-4178-A094-69165D363F03}.Debug|iPhoneSimulator.Build.0 = Debug|iPhoneSimulator
		{F6C69E67-5EAB-4178-A094-69165D363F03}.Debug|x64.ActiveCfg = Debug|iPhone
		{F6C69E67-5EAB-4178-A094-69165D363F03}.Debug|x86.ActiveCfg = Debug|iPhone
		{F6C69E67-5EAB-4178-A094-69165D363F03}.Release|Any CPU.ActiveCfg = Release|iPhone
		{F6C69E67-5EAB-4178-A094-69165D363F03}.Release|ARM.ActiveCfg = Release|iPhone
		{F6C69E67-5EAB-4178-A094-69165D363F03}.Release|iPhone.ActiveCfg = Release|iPhone
		{F6C69E67-5EAB-4178-A094-69165D363F03}.Release|iPhone.Build.0 = Release|iPhone
		{F6C69E67-5EAB-4178-A094-69165D363F03}.Release|iPhoneSimulator.ActiveCfg = Release|iPhoneSimulator
		{F6C69E67-5EAB-4178-A094-69165D363F03}.Release|iPhoneSimulator.Build.0 = Release|iPhoneSimulator
		{F6C69E67-5EAB-4178-A094-69165D363F03}.Release|x64.ActiveCfg = Release|iPhone
		{F6C69E67-5EAB-4178-A094-69165D363F03}.Release|x86.ActiveCfg = Release|iPhone
	EndGlobalSection
	GlobalSection(SolutionProperties) = preSolution
		HideSolutionNode = FALSE
	EndGlobalSection
EndGlobal
